
Microsoft Visual Studio Solution File, Format Version 12.00
# Visual Studio Version 17
VisualStudioVersion = 17.0.32014.148
MinimumVisualStudioVersion = 10.0.40219.1
Project("{FAE04EC0-301F-11D3-BF4B-00C04F79EFBC}") = "dana", "dana\dana.csproj", "{7DA127B2-0069-45F4-ABFC-627B35B81A64}"
EndProject
Global
	GlobalSection(SolutionConfigurationPlatforms) = preSolution
		Debug|Any CPU = Debug|Any CPU
		Release|Any CPU = Release|Any CPU
	EndGlobalSection
	GlobalSection(ProjectConfigurationPlatforms) = postSolution
		{7DA127B2-0069-45F4-ABFC-627B35B81A64}.Debug|Any CPU.ActiveCfg = Debug|Any CPU
		{7DA127B2-0069-45F4-ABFC-627B35B81A64}.Debug|Any CPU.Build.0 = Debug|Any CPU
		{7DA127B2-0069-45F4-ABFC-627B35B81A64}.Release|Any CPU.ActiveCfg = Release|Any CPU
		{7DA127B2-0069-45F4-ABFC-627B35B81A64}.Release|Any CPU.Build.0 = Release|Any CPU
	EndGlobalSection
	GlobalSection(SolutionProperties) = preSolution
		HideSolutionNode = FALSE
	EndGlobalSection
	GlobalSection(ExtensibilityGlobals) = postSolution
		SolutionGuid = {C289C75B-6165-4079-91E4-736357678606}
	EndGlobalSection
EndGlobal
